
Microsoft Visual Studio Solution File, Format Version 12.00
# Visual Studio Version 17
VisualStudioVersion = 17.4.33403.182
MinimumVisualStudioVersion = 10.0.40219.1
Project("{FAE04EC0-301F-11D3-BF4B-00C04F79EFBC}") = "Laba10_delegate", "Laba10_delegate\Laba10_delegate.csproj", "{0B8BF1A1-4219-4ED1-A193-8D789BD97C5D}"
EndProject
Global
	GlobalSection(SolutionConfigurationPlatforms) = preSolution
		Debug|Any CPU = Debug|Any CPU
		Release|Any CPU = Release|Any CPU
	EndGlobalSection
	GlobalSection(ProjectConfigurationPlatforms) = postSolution
		{0B8BF1A1-4219-4ED1-A193-8D789BD97C5D}.Debug|Any CPU.ActiveCfg = Debug|Any CPU
		{0B8BF1A1-4219-4ED1-A193-8D789BD97C5D}.Debug|Any CPU.Build.0 = Debug|Any CPU
		{0B8BF1A1-4219-4ED1-A193-8D789BD97C5D}.Release|Any CPU.ActiveCfg = Release|Any CPU
		{0B8BF1A1-4219-4ED1-A193-8D789BD97C5D}.Release|Any CPU.Build.0 = Release|Any CPU
	EndGlobalSection
	GlobalSection(SolutionProperties) = preSolution
		HideSolutionNode = FALSE
	EndGlobalSection
	GlobalSection(ExtensibilityGlobals) = postSolution
		SolutionGuid = {F3E04115-0901-4AA7-9514-CE90F9317AB8}
	EndGlobalSection
EndGlobal
